
Microsoft Visual Studio Solution File, Format Version 12.00
# Visual Studio 2012
Project("{FAE04EC0-301F-11D3-BF4B-00C04F79EFBC}") = "Tollminder.Core", "Tollminder.Core\Tollminder.Core.csproj", "{E6D05A1A-E03C-4D21-83F4-0D59E9429837}"
EndProject
Project("{FAE04EC0-301F-11D3-BF4B-00C04F79EFBC}") = "Tollminder.Droid", "Tollminder.Droid\Tollminder.Droid.csproj", "{59A33FEB-A8EE-4426-9907-28C5E62A7FF3}"
EndProject
Project("{2150E333-8FDC-42A3-9474-1A3956D46DE8}") = "Ios Binding", "Ios Binding", "{F8B305CD-E637-4A5E-8CC2-FA62AC0674AA}"
EndProject
Project("{FAE04EC0-301F-11D3-BF4B-00C04F79EFBC}") = "OpenEars", "Ios Binding\OpenEars\OpenEars.csproj", "{724479A5-0430-40C2-B8D9-C5EE3293B919}"
EndProject
Project("{9344BDBB-3E7F-41FC-A0DD-8665D75EE146}") = "Tollminder.Touch", "Tollminder.Touch\Tollminder.Touch.csproj", "{A602B73C-0F8B-413B-9B15-FE2BEBD44806}"
EndProject
Global
	GlobalSection(SolutionConfigurationPlatforms) = preSolution
		Debug|Any CPU = Debug|Any CPU
		Release|Any CPU = Release|Any CPU
		Debug|iPhoneSimulator = Debug|iPhoneSimulator
		Release|iPhone = Release|iPhone
		Release|iPhoneSimulator = Release|iPhoneSimulator
		Debug|iPhone = Debug|iPhone
	EndGlobalSection
	GlobalSection(ProjectConfigurationPlatforms) = postSolution
		{59A33FEB-A8EE-4426-9907-28C5E62A7FF3}.Debug|Any CPU.ActiveCfg = Debug|Any CPU
		{59A33FEB-A8EE-4426-9907-28C5E62A7FF3}.Debug|Any CPU.Build.0 = Debug|Any CPU
		{59A33FEB-A8EE-4426-9907-28C5E62A7FF3}.Debug|iPhone.ActiveCfg = Debug|Any CPU
		{59A33FEB-A8EE-4426-9907-28C5E62A7FF3}.Debug|iPhone.Build.0 = Debug|Any CPU
		{59A33FEB-A8EE-4426-9907-28C5E62A7FF3}.Debug|iPhoneSimulator.ActiveCfg = Debug|Any CPU
		{59A33FEB-A8EE-4426-9907-28C5E62A7FF3}.Debug|iPhoneSimulator.Build.0 = Debug|Any CPU
		{59A33FEB-A8EE-4426-9907-28C5E62A7FF3}.Release|Any CPU.ActiveCfg = Release|Any CPU
		{59A33FEB-A8EE-4426-9907-28C5E62A7FF3}.Release|Any CPU.Build.0 = Release|Any CPU
		{59A33FEB-A8EE-4426-9907-28C5E62A7FF3}.Release|iPhone.ActiveCfg = Release|Any CPU
		{59A33FEB-A8EE-4426-9907-28C5E62A7FF3}.Release|iPhone.Build.0 = Release|Any CPU
		{59A33FEB-A8EE-4426-9907-28C5E62A7FF3}.Release|iPhoneSimulator.ActiveCfg = Release|Any CPU
		{59A33FEB-A8EE-4426-9907-28C5E62A7FF3}.Release|iPhoneSimulator.Build.0 = Release|Any CPU
		{E6D05A1A-E03C-4D21-83F4-0D59E9429837}.Debug|Any CPU.ActiveCfg = Debug|Any CPU
		{E6D05A1A-E03C-4D21-83F4-0D59E9429837}.Debug|Any CPU.Build.0 = Debug|Any CPU
		{E6D05A1A-E03C-4D21-83F4-0D59E9429837}.Debug|iPhone.ActiveCfg = Debug|Any CPU
		{E6D05A1A-E03C-4D21-83F4-0D59E9429837}.Debug|iPhone.Build.0 = Debug|Any CPU
		{E6D05A1A-E03C-4D21-83F4-0D59E9429837}.Debug|iPhoneSimulator.ActiveCfg = Debug|Any CPU
		{E6D05A1A-E03C-4D21-83F4-0D59E9429837}.Debug|iPhoneSimulator.Build.0 = Debug|Any CPU
		{E6D05A1A-E03C-4D21-83F4-0D59E9429837}.Release|Any CPU.ActiveCfg = Release|Any CPU
		{E6D05A1A-E03C-4D21-83F4-0D59E9429837}.Release|Any CPU.Build.0 = Release|Any CPU
		{E6D05A1A-E03C-4D21-83F4-0D59E9429837}.Release|iPhone.ActiveCfg = Release|Any CPU
		{E6D05A1A-E03C-4D21-83F4-0D59E9429837}.Release|iPhone.Build.0 = Release|Any CPU
		{E6D05A1A-E03C-4D21-83F4-0D59E9429837}.Release|iPhoneSimulator.ActiveCfg = Release|Any CPU
		{E6D05A1A-E03C-4D21-83F4-0D59E9429837}.Release|iPhoneSimulator.Build.0 = Release|Any CPU
		{724479A5-0430-40C2-B8D9-C5EE3293B919}.Debug|Any CPU.ActiveCfg = Debug|Any CPU
		{724479A5-0430-40C2-B8D9-C5EE3293B919}.Debug|Any CPU.Build.0 = Debug|Any CPU
		{724479A5-0430-40C2-B8D9-C5EE3293B919}.Release|Any CPU.ActiveCfg = Release|Any CPU
		{724479A5-0430-40C2-B8D9-C5EE3293B919}.Release|Any CPU.Build.0 = Release|Any CPU
		{724479A5-0430-40C2-B8D9-C5EE3293B919}.Debug|iPhoneSimulator.ActiveCfg = Debug|Any CPU
		{724479A5-0430-40C2-B8D9-C5EE3293B919}.Debug|iPhoneSimulator.Build.0 = Debug|Any CPU
		{724479A5-0430-40C2-B8D9-C5EE3293B919}.Release|iPhone.ActiveCfg = Release|Any CPU
		{724479A5-0430-40C2-B8D9-C5EE3293B919}.Release|iPhone.Build.0 = Release|Any CPU
		{724479A5-0430-40C2-B8D9-C5EE3293B919}.Release|iPhoneSimulator.ActiveCfg = Release|Any CPU
		{724479A5-0430-40C2-B8D9-C5EE3293B919}.Release|iPhoneSimulator.Build.0 = Release|Any CPU
		{724479A5-0430-40C2-B8D9-C5EE3293B919}.Debug|iPhone.ActiveCfg = Debug|Any CPU
		{724479A5-0430-40C2-B8D9-C5EE3293B919}.Debug|iPhone.Build.0 = Debug|Any CPU
		{A602B73C-0F8B-413B-9B15-FE2BEBD44806}.Debug|Any CPU.ActiveCfg = Debug|iPhoneSimulator
		{A602B73C-0F8B-413B-9B15-FE2BEBD44806}.Debug|Any CPU.Build.0 = Debug|iPhoneSimulator
		{A602B73C-0F8B-413B-9B15-FE2BEBD44806}.Release|Any CPU.ActiveCfg = Release|iPhone
		{A602B73C-0F8B-413B-9B15-FE2BEBD44806}.Release|Any CPU.Build.0 = Release|iPhone
		{A602B73C-0F8B-413B-9B15-FE2BEBD44806}.Debug|iPhoneSimulator.ActiveCfg = Debug|iPhoneSimulator
		{A602B73C-0F8B-413B-9B15-FE2BEBD44806}.Debug|iPhoneSimulator.Build.0 = Debug|iPhoneSimulator
		{A602B73C-0F8B-413B-9B15-FE2BEBD44806}.Release|iPhone.ActiveCfg = Release|iPhone
		{A602B73C-0F8B-413B-9B15-FE2BEBD44806}.Release|iPhone.Build.0 = Release|iPhone
		{A602B73C-0F8B-413B-9B15-FE2BEBD44806}.Release|iPhoneSimulator.ActiveCfg = Release|iPhoneSimulator
		{A602B73C-0F8B-413B-9B15-FE2BEBD44806}.Release|iPhoneSimulator.Build.0 = Release|iPhoneSimulator
		{A602B73C-0F8B-413B-9B15-FE2BEBD44806}.Debug|iPhone.ActiveCfg = Debug|iPhone
		{A602B73C-0F8B-413B-9B15-FE2BEBD44806}.Debug|iPhone.Build.0 = Debug|iPhone
	EndGlobalSection
	GlobalSection(MonoDevelopProperties) = preSolution
		Policies = $0
		$0.DotNetNamingPolicy = $1
		$1.DirectoryNamespaceAssociation = PrefixedHierarchical
		$1.ResourceNamePolicy = FileFormatDefault
	EndGlobalSection
	GlobalSection(NestedProjects) = preSolution
		{724479A5-0430-40C2-B8D9-C5EE3293B919} = {F8B305CD-E637-4A5E-8CC2-FA62AC0674AA}
	EndGlobalSection
EndGlobal
