
Microsoft Visual Studio Solution File, Format Version 12.00
# Visual Studio 2012
Project("{D954291E-2A0B-460D-934E-DC6B0785DB48}") = "PeggyShared", "PeggyShared\PeggyShared.shproj", "{32EC7A8A-3A8E-4B72-9399-E66F31F74BCA}"
EndProject
Project("{FAE04EC0-301F-11D3-BF4B-00C04F79EFBC}") = "PeggyForms", "PeggyForms\PeggyForms.csproj", "{D1D5B5D9-A766-4676-98B7-AB821A6437A0}"
EndProject
Global
	GlobalSection(SolutionConfigurationPlatforms) = preSolution
		Debug|Any CPU = Debug|Any CPU
		Release|Any CPU = Release|Any CPU
	EndGlobalSection
	GlobalSection(ProjectConfigurationPlatforms) = postSolution
		{D1D5B5D9-A766-4676-98B7-AB821A6437A0}.Debug|Any CPU.ActiveCfg = Debug|Any CPU
		{D1D5B5D9-A766-4676-98B7-AB821A6437A0}.Debug|Any CPU.Build.0 = Debug|Any CPU
		{D1D5B5D9-A766-4676-98B7-AB821A6437A0}.Release|Any CPU.ActiveCfg = Release|Any CPU
		{D1D5B5D9-A766-4676-98B7-AB821A6437A0}.Release|Any CPU.Build.0 = Release|Any CPU
	EndGlobalSection
EndGlobal
