
Microsoft Visual Studio Solution File, Format Version 12.00
# Visual Studio 2012
Project("{FAE04EC0-301F-11D3-BF4B-00C04F79EFBC}") = "Tollminder.Droid", "Tollminder.Droid.csproj", "{59A33FEB-A8EE-4426-9907-28C5E62A7FF3}"
EndProject
Global
	GlobalSection(SolutionConfigurationPlatforms) = preSolution
		Debug|Any CPU = Debug|Any CPU
		Release|Any CPU = Release|Any CPU
	EndGlobalSection
	GlobalSection(ProjectConfigurationPlatforms) = postSolution
		{59A33FEB-A8EE-4426-9907-28C5E62A7FF3}.Debug|Any CPU.ActiveCfg = Debug|Any CPU
		{59A33FEB-A8EE-4426-9907-28C5E62A7FF3}.Debug|Any CPU.Build.0 = Debug|Any CPU
		{59A33FEB-A8EE-4426-9907-28C5E62A7FF3}.Release|Any CPU.ActiveCfg = Release|Any CPU
		{59A33FEB-A8EE-4426-9907-28C5E62A7FF3}.Release|Any CPU.Build.0 = Release|Any CPU
	EndGlobalSection
EndGlobal
